
Microsoft Visual Studio Solution File, Format Version 12.00
# Visual Studio Version 17
VisualStudioVersion = 17.3.32804.467
MinimumVisualStudioVersion = 10.0.40219.1
Project("{9A19103F-16F7-4668-BE54-9A1E7A4F7556}") = "WebAppDETAug2022", "WebAppDETAug2022\WebAppDETAug2022.csproj", "{A519E01D-6ADF-45AE-8E72-CF8E05F73E30}"
EndProject
Project("{9A19103F-16F7-4668-BE54-9A1E7A4F7556}") = "MVCDemo", "MVCDemo\MVCDemo.csproj", "{64B286B5-691A-426C-BE2F-F049DCBBCA8D}"
EndProject
Project("{9A19103F-16F7-4668-BE54-9A1E7A4F7556}") = "APIDemo", "APIDemo\APIDemo.csproj", "{7B80E58D-EBBC-4C65-A122-9AF52805A51C}"
EndProject
Project("{9A19103F-16F7-4668-BE54-9A1E7A4F7556}") = "ConsoleAPIClient", "ConsoleAPIClient\ConsoleAPIClient.csproj", "{FE518B25-F396-48C4-A1AA-DA1DAE7DD3CF}"
EndProject
Project("{9A19103F-16F7-4668-BE54-9A1E7A4F7556}") = "OData6Demo", "OData6Demo\OData6Demo.csproj", "{E6942569-5621-4B76-A31E-8149F7625535}"
EndProject
Project("{9A19103F-16F7-4668-BE54-9A1E7A4F7556}") = "Bank", "Bank\Bank.csproj", "{D8C07A84-818A-43B2-811E-1BE6B34C8601}"
EndProject
Project("{FAE04EC0-301F-11D3-BF4B-00C04F79EFBC}") = "BankTestss", "BankTestss\BankTestss.csproj", "{37A85D53-5DAA-48BA-B676-77E9D7D9F114}"
EndProject
Project("{FAE04EC0-301F-11D3-BF4B-00C04F79EFBC}") = "MyFirstUnitTests", "MyFirstUnitTests\MyFirstUnitTests.csproj", "{1CDEF6C7-7AA2-4A1C-B981-6BC223921225}"
EndProject
Global
	GlobalSection(SolutionConfigurationPlatforms) = preSolution
		Debug|Any CPU = Debug|Any CPU
		Release|Any CPU = Release|Any CPU
	EndGlobalSection
	GlobalSection(ProjectConfigurationPlatforms) = postSolution
		{A519E01D-6ADF-45AE-8E72-CF8E05F73E30}.Debug|Any CPU.ActiveCfg = Debug|Any CPU
		{A519E01D-6ADF-45AE-8E72-CF8E05F73E30}.Debug|Any CPU.Build.0 = Debug|Any CPU
		{A519E01D-6ADF-45AE-8E72-CF8E05F73E30}.Release|Any CPU.ActiveCfg = Release|Any CPU
		{A519E01D-6ADF-45AE-8E72-CF8E05F73E30}.Release|Any CPU.Build.0 = Release|Any CPU
		{64B286B5-691A-426C-BE2F-F049DCBBCA8D}.Debug|Any CPU.ActiveCfg = Debug|Any CPU
		{64B286B5-691A-426C-BE2F-F049DCBBCA8D}.Debug|Any CPU.Build.0 = Debug|Any CPU
		{64B286B5-691A-426C-BE2F-F049DCBBCA8D}.Release|Any CPU.ActiveCfg = Release|Any CPU
		{64B286B5-691A-426C-BE2F-F049DCBBCA8D}.Release|Any CPU.Build.0 = Release|Any CPU
		{7B80E58D-EBBC-4C65-A122-9AF52805A51C}.Debug|Any CPU.ActiveCfg = Debug|Any CPU
		{7B80E58D-EBBC-4C65-A122-9AF52805A51C}.Debug|Any CPU.Build.0 = Debug|Any CPU
		{7B80E58D-EBBC-4C65-A122-9AF52805A51C}.Release|Any CPU.ActiveCfg = Release|Any CPU
		{7B80E58D-EBBC-4C65-A122-9AF52805A51C}.Release|Any CPU.Build.0 = Release|Any CPU
		{FE518B25-F396-48C4-A1AA-DA1DAE7DD3CF}.Debug|Any CPU.ActiveCfg = Debug|Any CPU
		{FE518B25-F396-48C4-A1AA-DA1DAE7DD3CF}.Debug|Any CPU.Build.0 = Debug|Any CPU
		{FE518B25-F396-48C4-A1AA-DA1DAE7DD3CF}.Release|Any CPU.ActiveCfg = Release|Any CPU
		{FE518B25-F396-48C4-A1AA-DA1DAE7DD3CF}.Release|Any CPU.Build.0 = Release|Any CPU
		{E6942569-5621-4B76-A31E-8149F7625535}.Debug|Any CPU.ActiveCfg = Debug|Any CPU
		{E6942569-5621-4B76-A31E-8149F7625535}.Debug|Any CPU.Build.0 = Debug|Any CPU
		{E6942569-5621-4B76-A31E-8149F7625535}.Release|Any CPU.ActiveCfg = Release|Any CPU
		{E6942569-5621-4B76-A31E-8149F7625535}.Release|Any CPU.Build.0 = Release|Any CPU
		{D8C07A84-818A-43B2-811E-1BE6B34C8601}.Debug|Any CPU.ActiveCfg = Debug|Any CPU
		{D8C07A84-818A-43B2-811E-1BE6B34C8601}.Debug|Any CPU.Build.0 = Debug|Any CPU
		{D8C07A84-818A-43B2-811E-1BE6B34C8601}.Release|Any CPU.ActiveCfg = Release|Any CPU
		{D8C07A84-818A-43B2-811E-1BE6B34C8601}.Release|Any CPU.Build.0 = Release|Any CPU
		{37A85D53-5DAA-48BA-B676-77E9D7D9F114}.Debug|Any CPU.ActiveCfg = Debug|Any CPU
		{37A85D53-5DAA-48BA-B676-77E9D7D9F114}.Debug|Any CPU.Build.0 = Debug|Any CPU
		{37A85D53-5DAA-48BA-B676-77E9D7D9F114}.Release|Any CPU.ActiveCfg = Release|Any CPU
		{37A85D53-5DAA-48BA-B676-77E9D7D9F114}.Release|Any CPU.Build.0 = Release|Any CPU
		{1CDEF6C7-7AA2-4A1C-B981-6BC223921225}.Debug|Any CPU.ActiveCfg = Debug|Any CPU
		{1CDEF6C7-7AA2-4A1C-B981-6BC223921225}.Debug|Any CPU.Build.0 = Debug|Any CPU
		{1CDEF6C7-7AA2-4A1C-B981-6BC223921225}.Release|Any CPU.ActiveCfg = Release|Any CPU
		{1CDEF6C7-7AA2-4A1C-B981-6BC223921225}.Release|Any CPU.Build.0 = Release|Any CPU
	EndGlobalSection
	GlobalSection(SolutionProperties) = preSolution
		HideSolutionNode = FALSE
	EndGlobalSection
	GlobalSection(ExtensibilityGlobals) = postSolution
		SolutionGuid = {4AB39B2C-CE65-49C1-9351-EEA74F825438}
	EndGlobalSection
EndGlobal
